// !$*UTF8*$!
{
	archiveVersion = 1;
	classes = {
	};
	objectVersion = 46;
	objects = {

/* Begin PBXBuildFile section */
		844D7CA51DD5EAE20000318D /* MultipleMiniPlatformsCreator.swift in Sources */ = {isa = PBXBuildFile; fileRef = 844D7CA41DD5EAE10000318D /* MultipleMiniPlatformsCreator.swift */; };
		846A77EB1DD639B8001D583F /* VariousPlatformCreator.swift in Sources */ = {isa = PBXBuildFile; fileRef = 846A77EA1DD639B8001D583F /* VariousPlatformCreator.swift */; };
		AE1B41A91D9FDDA300D27A14 /* GameNode.swift in Sources */ = {isa = PBXBuildFile; fileRef = AE1B41A81D9FDDA300D27A14 /* GameNode.swift */; };
		AE9549781DB22B1D0003B6B2 /* Hero.swift in Sources */ = {isa = PBXBuildFile; fileRef = AE9549771DB22B1D0003B6B2 /* Hero.swift */; };
		AE95497B1DB236E40003B6B2 /* ColliderType.swift in Sources */ = {isa = PBXBuildFile; fileRef = AE95497A1DB236E40003B6B2 /* ColliderType.swift */; };
		AE95497D1DB23F260003B6B2 /* GroundBar.swift in Sources */ = {isa = PBXBuildFile; fileRef = AE95497C1DB23F250003B6B2 /* GroundBar.swift */; };
		AE9829E21DC49EA80065F3B0 /* PlatformGenerator.swift in Sources */ = {isa = PBXBuildFile; fileRef = AE9829E11DC49EA80065F3B0 /* PlatformGenerator.swift */; };
		AE9829E41DC4AD360065F3B0 /* PlatformTemplate.swift in Sources */ = {isa = PBXBuildFile; fileRef = AE9829E31DC4AD360065F3B0 /* PlatformTemplate.swift */; };
		AEAD429F1DD73D510068E1CC /* PowerUp.swift in Sources */ = {isa = PBXBuildFile; fileRef = AEAD429E1DD73D510068E1CC /* PowerUp.swift */; };
		AECFADE11D967D36007ADC7B /* AppDelegate.swift in Sources */ = {isa = PBXBuildFile; fileRef = AECFADE01D967D36007ADC7B /* AppDelegate.swift */; };
		AECFADE31D967D36007ADC7B /* GameScene.sks in Resources */ = {isa = PBXBuildFile; fileRef = AECFADE21D967D36007ADC7B /* GameScene.sks */; };
		AECFADE51D967D36007ADC7B /* Actions.sks in Resources */ = {isa = PBXBuildFile; fileRef = AECFADE41D967D36007ADC7B /* Actions.sks */; };
		AECFADE71D967D36007ADC7B /* GameScene.swift in Sources */ = {isa = PBXBuildFile; fileRef = AECFADE61D967D36007ADC7B /* GameScene.swift */; };
		AECFADE91D967D36007ADC7B /* GameViewController.swift in Sources */ = {isa = PBXBuildFile; fileRef = AECFADE81D967D36007ADC7B /* GameViewController.swift */; };
		AECFADEC1D967D36007ADC7B /* Main.storyboard in Resources */ = {isa = PBXBuildFile; fileRef = AECFADEA1D967D36007ADC7B /* Main.storyboard */; };
		AECFADEE1D967D36007ADC7B /* Assets.xcassets in Resources */ = {isa = PBXBuildFile; fileRef = AECFADED1D967D36007ADC7B /* Assets.xcassets */; };
		AECFADF11D967D36007ADC7B /* LaunchScreen.storyboard in Resources */ = {isa = PBXBuildFile; fileRef = AECFADEF1D967D36007ADC7B /* LaunchScreen.storyboard */; };
		AECFADF91D9682FF007ADC7B /* PlayScene.swift in Sources */ = {isa = PBXBuildFile; fileRef = AECFADF81D9682FF007ADC7B /* PlayScene.swift */; };
		AECFADFB1D968743007ADC7B /* BlockStatus.swift in Sources */ = {isa = PBXBuildFile; fileRef = AECFADFA1D968743007ADC7B /* BlockStatus.swift */; };
		AEE835011DCDD35F00F3B79A /* AbstractPlatformCreator.swift in Sources */ = {isa = PBXBuildFile; fileRef = AEE835001DCDD35F00F3B79A /* AbstractPlatformCreator.swift */; };
		AEE835031DCDD41C00F3B79A /* BonusPlatformCreator.swift in Sources */ = {isa = PBXBuildFile; fileRef = AEE835021DCDD41C00F3B79A /* BonusPlatformCreator.swift */; };
		AEE835051DCDDAE500F3B79A /* GapPlatformCreator.swift in Sources */ = {isa = PBXBuildFile; fileRef = AEE835041DCDDAE500F3B79A /* GapPlatformCreator.swift */; };
		AEE835071DCDE5F700F3B79A /* TripleMiniPlatformCreator.swift in Sources */ = {isa = PBXBuildFile; fileRef = AEE835061DCDE5F700F3B79A /* TripleMiniPlatformCreator.swift */; };
		AEE835091DCDEC0F00F3B79A /* SingleMiniPlatformCreator.swift in Sources */ = {isa = PBXBuildFile; fileRef = AEE835081DCDEC0F00F3B79A /* SingleMiniPlatformCreator.swift */; };
		AEF052A71DBB5BA7000F8F0B /* Enemy.swift in Sources */ = {isa = PBXBuildFile; fileRef = AEF052A61DBB5BA7000F8F0B /* Enemy.swift */; };
		AEF052A91DBB5E6F000F8F0B /* Bonus.swift in Sources */ = {isa = PBXBuildFile; fileRef = AEF052A81DBB5E6F000F8F0B /* Bonus.swift */; };
		AEF052AB1DBB78AE000F8F0B /* GarbageCollector.swift in Sources */ = {isa = PBXBuildFile; fileRef = AEF052AA1DBB78AE000F8F0B /* GarbageCollector.swift */; };
		AEF052AD1DBB8C23000F8F0B /* EnemyJumping.swift in Sources */ = {isa = PBXBuildFile; fileRef = AEF052AC1DBB8C23000F8F0B /* EnemyJumping.swift */; };
		AEF052AF1DBB8C3D000F8F0B /* EnemyDashing.swift in Sources */ = {isa = PBXBuildFile; fileRef = AEF052AE1DBB8C3D000F8F0B /* EnemyDashing.swift */; };
/* End PBXBuildFile section */

/* Begin PBXFileReference section */
		844D7CA41DD5EAE10000318D /* MultipleMiniPlatformsCreator.swift */ = {isa = PBXFileReference; fileEncoding = 4; lastKnownFileType = sourcecode.swift; path = MultipleMiniPlatformsCreator.swift; sourceTree = "<group>"; };
		846A77EA1DD639B8001D583F /* VariousPlatformCreator.swift */ = {isa = PBXFileReference; fileEncoding = 4; lastKnownFileType = sourcecode.swift; path = VariousPlatformCreator.swift; sourceTree = "<group>"; };
		AE1B41A81D9FDDA300D27A14 /* GameNode.swift */ = {isa = PBXFileReference; fileEncoding = 4; lastKnownFileType = sourcecode.swift; path = GameNode.swift; sourceTree = "<group>"; };
		AE9549771DB22B1D0003B6B2 /* Hero.swift */ = {isa = PBXFileReference; fileEncoding = 4; lastKnownFileType = sourcecode.swift; path = Hero.swift; sourceTree = "<group>"; };
		AE95497A1DB236E40003B6B2 /* ColliderType.swift */ = {isa = PBXFileReference; fileEncoding = 4; lastKnownFileType = sourcecode.swift; path = ColliderType.swift; sourceTree = "<group>"; };
		AE95497C1DB23F250003B6B2 /* GroundBar.swift */ = {isa = PBXFileReference; fileEncoding = 4; lastKnownFileType = sourcecode.swift; path = GroundBar.swift; sourceTree = "<group>"; };
		AE9829E11DC49EA80065F3B0 /* PlatformGenerator.swift */ = {isa = PBXFileReference; fileEncoding = 4; lastKnownFileType = sourcecode.swift; path = PlatformGenerator.swift; sourceTree = "<group>"; };
		AE9829E31DC4AD360065F3B0 /* PlatformTemplate.swift */ = {isa = PBXFileReference; fileEncoding = 4; lastKnownFileType = sourcecode.swift; path = PlatformTemplate.swift; sourceTree = "<group>"; };
		AEAD429E1DD73D510068E1CC /* PowerUp.swift */ = {isa = PBXFileReference; fileEncoding = 4; lastKnownFileType = sourcecode.swift; path = PowerUp.swift; sourceTree = "<group>"; };
		AECFADDD1D967D36007ADC7B /* Bouncing Ball.app */ = {isa = PBXFileReference; explicitFileType = wrapper.application; includeInIndex = 0; path = "Bouncing Ball.app"; sourceTree = BUILT_PRODUCTS_DIR; };
		AECFADE01D967D36007ADC7B /* AppDelegate.swift */ = {isa = PBXFileReference; lastKnownFileType = sourcecode.swift; path = AppDelegate.swift; sourceTree = "<group>"; };
		AECFADE21D967D36007ADC7B /* GameScene.sks */ = {isa = PBXFileReference; lastKnownFileType = file.sks; path = GameScene.sks; sourceTree = "<group>"; };
		AECFADE41D967D36007ADC7B /* Actions.sks */ = {isa = PBXFileReference; lastKnownFileType = file.sks; path = Actions.sks; sourceTree = "<group>"; };
		AECFADE61D967D36007ADC7B /* GameScene.swift */ = {isa = PBXFileReference; lastKnownFileType = sourcecode.swift; path = GameScene.swift; sourceTree = "<group>"; };
		AECFADE81D967D36007ADC7B /* GameViewController.swift */ = {isa = PBXFileReference; lastKnownFileType = sourcecode.swift; path = GameViewController.swift; sourceTree = "<group>"; };
		AECFADEB1D967D36007ADC7B /* Base */ = {isa = PBXFileReference; lastKnownFileType = file.storyboard; name = Base; path = Base.lproj/Main.storyboard; sourceTree = "<group>"; };
		AECFADED1D967D36007ADC7B /* Assets.xcassets */ = {isa = PBXFileReference; lastKnownFileType = folder.assetcatalog; path = Assets.xcassets; sourceTree = "<group>"; };
		AECFADF01D967D36007ADC7B /* Base */ = {isa = PBXFileReference; lastKnownFileType = file.storyboard; name = Base; path = Base.lproj/LaunchScreen.storyboard; sourceTree = "<group>"; };
		AECFADF21D967D36007ADC7B /* Info.plist */ = {isa = PBXFileReference; lastKnownFileType = text.plist.xml; path = Info.plist; sourceTree = "<group>"; };
		AECFADF81D9682FF007ADC7B /* PlayScene.swift */ = {isa = PBXFileReference; fileEncoding = 4; lastKnownFileType = sourcecode.swift; path = PlayScene.swift; sourceTree = "<group>"; };
		AECFADFA1D968743007ADC7B /* BlockStatus.swift */ = {isa = PBXFileReference; fileEncoding = 4; lastKnownFileType = sourcecode.swift; path = BlockStatus.swift; sourceTree = "<group>"; };
		AEE835001DCDD35F00F3B79A /* AbstractPlatformCreator.swift */ = {isa = PBXFileReference; fileEncoding = 4; lastKnownFileType = sourcecode.swift; path = AbstractPlatformCreator.swift; sourceTree = "<group>"; };
		AEE835021DCDD41C00F3B79A /* BonusPlatformCreator.swift */ = {isa = PBXFileReference; fileEncoding = 4; lastKnownFileType = sourcecode.swift; path = BonusPlatformCreator.swift; sourceTree = "<group>"; };
		AEE835041DCDDAE500F3B79A /* GapPlatformCreator.swift */ = {isa = PBXFileReference; fileEncoding = 4; lastKnownFileType = sourcecode.swift; path = GapPlatformCreator.swift; sourceTree = "<group>"; };
		AEE835061DCDE5F700F3B79A /* TripleMiniPlatformCreator.swift */ = {isa = PBXFileReference; fileEncoding = 4; lastKnownFileType = sourcecode.swift; path = TripleMiniPlatformCreator.swift; sourceTree = "<group>"; };
		AEE835081DCDEC0F00F3B79A /* SingleMiniPlatformCreator.swift */ = {isa = PBXFileReference; fileEncoding = 4; lastKnownFileType = sourcecode.swift; path = SingleMiniPlatformCreator.swift; sourceTree = "<group>"; };
		AEF052A61DBB5BA7000F8F0B /* Enemy.swift */ = {isa = PBXFileReference; fileEncoding = 4; lastKnownFileType = sourcecode.swift; path = Enemy.swift; sourceTree = "<group>"; };
		AEF052A81DBB5E6F000F8F0B /* Bonus.swift */ = {isa = PBXFileReference; fileEncoding = 4; lastKnownFileType = sourcecode.swift; path = Bonus.swift; sourceTree = "<group>"; };
		AEF052AA1DBB78AE000F8F0B /* GarbageCollector.swift */ = {isa = PBXFileReference; fileEncoding = 4; lastKnownFileType = sourcecode.swift; path = GarbageCollector.swift; sourceTree = "<group>"; };
		AEF052AC1DBB8C23000F8F0B /* EnemyJumping.swift */ = {isa = PBXFileReference; fileEncoding = 4; lastKnownFileType = sourcecode.swift; path = EnemyJumping.swift; sourceTree = "<group>"; };
		AEF052AE1DBB8C3D000F8F0B /* EnemyDashing.swift */ = {isa = PBXFileReference; fileEncoding = 4; lastKnownFileType = sourcecode.swift; path = EnemyDashing.swift; sourceTree = "<group>"; };
/* End PBXFileReference section */

/* Begin PBXFrameworksBuildPhase section */
		AECFADDA1D967D36007ADC7B /* Frameworks */ = {
			isa = PBXFrameworksBuildPhase;
			buildActionMask = 2147483647;
			files = (
			);
			runOnlyForDeploymentPostprocessing = 0;
		};
/* End PBXFrameworksBuildPhase section */

/* Begin PBXGroup section */
		AECFADD41D967D36007ADC7B = {
			isa = PBXGroup;
			children = (
				AECFADDF1D967D36007ADC7B /* Bouncing Ball */,
				AECFADDE1D967D36007ADC7B /* Products */,
			);
			sourceTree = "<group>";
		};
		AECFADDE1D967D36007ADC7B /* Products */ = {
			isa = PBXGroup;
			children = (
				AECFADDD1D967D36007ADC7B /* Bouncing Ball.app */,
			);
			name = Products;
			sourceTree = "<group>";
		};
		AECFADDF1D967D36007ADC7B /* Bouncing Ball */ = {
			isa = PBXGroup;
			children = (
				AECFADE01D967D36007ADC7B /* AppDelegate.swift */,
				AECFADE21D967D36007ADC7B /* GameScene.sks */,
				AECFADE41D967D36007ADC7B /* Actions.sks */,
				AECFADE61D967D36007ADC7B /* GameScene.swift */,
				AECFADE81D967D36007ADC7B /* GameViewController.swift */,
				AECFADEA1D967D36007ADC7B /* Main.storyboard */,
				AECFADED1D967D36007ADC7B /* Assets.xcassets */,
				AECFADEF1D967D36007ADC7B /* LaunchScreen.storyboard */,
				AECFADF21D967D36007ADC7B /* Info.plist */,
				AECFADF81D9682FF007ADC7B /* PlayScene.swift */,
				AECFADFA1D968743007ADC7B /* BlockStatus.swift */,
				AEAD429E1DD73D510068E1CC /* PowerUp.swift */,
				AE1B41A81D9FDDA300D27A14 /* GameNode.swift */,
				AE9549771DB22B1D0003B6B2 /* Hero.swift */,
				AE95497A1DB236E40003B6B2 /* ColliderType.swift */,
				AE95497C1DB23F250003B6B2 /* GroundBar.swift */,
				AEF052A81DBB5E6F000F8F0B /* Bonus.swift */,
				AEF052AA1DBB78AE000F8F0B /* GarbageCollector.swift */,
				AEF052A61DBB5BA7000F8F0B /* Enemy.swift */,
				AEF052AC1DBB8C23000F8F0B /* EnemyJumping.swift */,
				AEF052AE1DBB8C3D000F8F0B /* EnemyDashing.swift */,
				AE9829E11DC49EA80065F3B0 /* PlatformGenerator.swift */,
				AE9829E31DC4AD360065F3B0 /* PlatformTemplate.swift */,
				AEE835001DCDD35F00F3B79A /* AbstractPlatformCreator.swift */,
				AEE835021DCDD41C00F3B79A /* BonusPlatformCreator.swift */,
				AEE835041DCDDAE500F3B79A /* GapPlatformCreator.swift */,
				AEE835061DCDE5F700F3B79A /* TripleMiniPlatformCreator.swift */,
				AEE835081DCDEC0F00F3B79A /* SingleMiniPlatformCreator.swift */,
				844D7CA41DD5EAE10000318D /* MultipleMiniPlatformsCreator.swift */,
				846A77EA1DD639B8001D583F /* VariousPlatformCreator.swift */,
			);
			path = "Bouncing Ball";
			sourceTree = "<group>";
		};
/* End PBXGroup section */

/* Begin PBXNativeTarget section */
		AECFADDC1D967D36007ADC7B /* Bouncing Ball */ = {
			isa = PBXNativeTarget;
			buildConfigurationList = AECFADF51D967D36007ADC7B /* Build configuration list for PBXNativeTarget "Bouncing Ball" */;
			buildPhases = (
				AECFADD91D967D36007ADC7B /* Sources */,
				AECFADDA1D967D36007ADC7B /* Frameworks */,
				AECFADDB1D967D36007ADC7B /* Resources */,
			);
			buildRules = (
			);
			dependencies = (
			);
			name = "Bouncing Ball";
			productName = "Bouncing Ball";
			productReference = AECFADDD1D967D36007ADC7B /* Bouncing Ball.app */;
			productType = "com.apple.product-type.application";
		};
/* End PBXNativeTarget section */

/* Begin PBXProject section */
		AECFADD51D967D36007ADC7B /* Project object */ = {
			isa = PBXProject;
			attributes = {
				LastSwiftUpdateCheck = 0800;
				LastUpgradeCheck = 0800;
				ORGANIZATIONNAME = VSU;
				TargetAttributes = {
					AECFADDC1D967D36007ADC7B = {
						CreatedOnToolsVersion = 8.0;
						ProvisioningStyle = Automatic;
					};
				};
			};
			buildConfigurationList = AECFADD81D967D36007ADC7B /* Build configuration list for PBXProject "Bouncing Ball" */;
			compatibilityVersion = "Xcode 3.2";
			developmentRegion = English;
			hasScannedForEncodings = 0;
			knownRegions = (
				en,
				Base,
			);
			mainGroup = AECFADD41D967D36007ADC7B;
			productRefGroup = AECFADDE1D967D36007ADC7B /* Products */;
			projectDirPath = "";
			projectRoot = "";
			targets = (
				AECFADDC1D967D36007ADC7B /* Bouncing Ball */,
			);
		};
/* End PBXProject section */

/* Begin PBXResourcesBuildPhase section */
		AECFADDB1D967D36007ADC7B /* Resources */ = {
			isa = PBXResourcesBuildPhase;
			buildActionMask = 2147483647;
			files = (
				AECFADEC1D967D36007ADC7B /* Main.storyboard in Resources */,
				AECFADE31D967D36007ADC7B /* GameScene.sks in Resources */,
				AECFADEE1D967D36007ADC7B /* Assets.xcassets in Resources */,
				AECFADF11D967D36007ADC7B /* LaunchScreen.storyboard in Resources */,
				AECFADE51D967D36007ADC7B /* Actions.sks in Resources */,
			);
			runOnlyForDeploymentPostprocessing = 0;
		};
/* End PBXResourcesBuildPhase section */

/* Begin PBXSourcesBuildPhase section */
		AECFADD91D967D36007ADC7B /* Sources */ = {
			isa = PBXSourcesBuildPhase;
			buildActionMask = 2147483647;
			files = (
				844D7CA51DD5EAE20000318D /* MultipleMiniPlatformsCreator.swift in Sources */,
				AEE835071DCDE5F700F3B79A /* TripleMiniPlatformCreator.swift in Sources */,
				AECFADE71D967D36007ADC7B /* GameScene.swift in Sources */,
				AEF052AB1DBB78AE000F8F0B /* GarbageCollector.swift in Sources */,
				AE9829E41DC4AD360065F3B0 /* PlatformTemplate.swift in Sources */,
				AEF052A91DBB5E6F000F8F0B /* Bonus.swift in Sources */,
				AE1B41A91D9FDDA300D27A14 /* GameNode.swift in Sources */,
				AECFADFB1D968743007ADC7B /* BlockStatus.swift in Sources */,
				AECFADE91D967D36007ADC7B /* GameViewController.swift in Sources */,
				AEF052AD1DBB8C23000F8F0B /* EnemyJumping.swift in Sources */,
				AEAD429F1DD73D510068E1CC /* PowerUp.swift in Sources */,
				846A77EB1DD639B8001D583F /* VariousPlatformCreator.swift in Sources */,
				AE9549781DB22B1D0003B6B2 /* Hero.swift in Sources */,
				AE95497D1DB23F260003B6B2 /* GroundBar.swift in Sources */,
				AEE835011DCDD35F00F3B79A /* AbstractPlatformCreator.swift in Sources */,
				AEF052A71DBB5BA7000F8F0B /* Enemy.swift in Sources */,
				AEE835091DCDEC0F00F3B79A /* SingleMiniPlatformCreator.swift in Sources */,
				AE95497B1DB236E40003B6B2 /* ColliderType.swift in Sources */,
				AEF052AF1DBB8C3D000F8F0B /* EnemyDashing.swift in Sources */,
				AECFADF91D9682FF007ADC7B /* PlayScene.swift in Sources */,
				AEE835051DCDDAE500F3B79A /* GapPlatformCreator.swift in Sources */,
				AECFADE11D967D36007ADC7B /* AppDelegate.swift in Sources */,
				AE9829E21DC49EA80065F3B0 /* PlatformGenerator.swift in Sources */,
				AEE835031DCDD41C00F3B79A /* BonusPlatformCreator.swift in Sources */,
			);
			runOnlyForDeploymentPostprocessing = 0;
		};
/* End PBXSourcesBuildPhase section */

/* Begin PBXVariantGroup section */
		AECFADEA1D967D36007ADC7B /* Main.storyboard */ = {
			isa = PBXVariantGroup;
			children = (
				AECFADEB1D967D36007ADC7B /* Base */,
			);
			name = Main.storyboard;
			sourceTree = "<group>";
		};
		AECFADEF1D967D36007ADC7B /* LaunchScreen.storyboard */ = {
			isa = PBXVariantGroup;
			children = (
				AECFADF01D967D36007ADC7B /* Base */,
			);
			name = LaunchScreen.storyboard;
			sourceTree = "<group>";
		};
/* End PBXVariantGroup section */

/* Begin XCBuildConfiguration section */
		AECFADF31D967D36007ADC7B /* Debug */ = {
			isa = XCBuildConfiguration;
			buildSettings = {
				ALWAYS_SEARCH_USER_PATHS = NO;
				CLANG_ANALYZER_NONNULL = YES;
				CLANG_CXX_LANGUAGE_STANDARD = "gnu++0x";
				CLANG_CXX_LIBRARY = "libc++";
				CLANG_ENABLE_MODULES = YES;
				CLANG_ENABLE_OBJC_ARC = YES;
				CLANG_WARN_BOOL_CONVERSION = YES;
				CLANG_WARN_CONSTANT_CONVERSION = YES;
				CLANG_WARN_DIRECT_OBJC_ISA_USAGE = YES_ERROR;
				CLANG_WARN_DOCUMENTATION_COMMENTS = YES;
				CLANG_WARN_EMPTY_BODY = YES;
				CLANG_WARN_ENUM_CONVERSION = YES;
				CLANG_WARN_INFINITE_RECURSION = YES;
				CLANG_WARN_INT_CONVERSION = YES;
				CLANG_WARN_OBJC_ROOT_CLASS = YES_ERROR;
				CLANG_WARN_SUSPICIOUS_MOVES = YES;
				CLANG_WARN_UNREACHABLE_CODE = YES;
				CLANG_WARN__DUPLICATE_METHOD_MATCH = YES;
				"CODE_SIGN_IDENTITY[sdk=iphoneos*]" = "iPhone Developer";
				COPY_PHASE_STRIP = NO;
				DEBUG_INFORMATION_FORMAT = dwarf;
				ENABLE_STRICT_OBJC_MSGSEND = YES;
				ENABLE_TESTABILITY = YES;
				GCC_C_LANGUAGE_STANDARD = gnu99;
				GCC_DYNAMIC_NO_PIC = NO;
				GCC_NO_COMMON_BLOCKS = YES;
				GCC_OPTIMIZATION_LEVEL = 0;
				GCC_PREPROCESSOR_DEFINITIONS = (
					"DEBUG=1",
					"$(inherited)",
				);
				GCC_WARN_64_TO_32_BIT_CONVERSION = YES;
				GCC_WARN_ABOUT_RETURN_TYPE = YES_ERROR;
				GCC_WARN_UNDECLARED_SELECTOR = YES;
				GCC_WARN_UNINITIALIZED_AUTOS = YES_AGGRESSIVE;
				GCC_WARN_UNUSED_FUNCTION = YES;
				GCC_WARN_UNUSED_VARIABLE = YES;
				IPHONEOS_DEPLOYMENT_TARGET = 10.0;
				MTL_ENABLE_DEBUG_INFO = YES;
				ONLY_ACTIVE_ARCH = YES;
				SDKROOT = iphoneos;
				SWIFT_ACTIVE_COMPILATION_CONDITIONS = DEBUG;
				SWIFT_OPTIMIZATION_LEVEL = "-Onone";
				TARGETED_DEVICE_FAMILY = "1,2";
			};
			name = Debug;
		};
		AECFADF41D967D36007ADC7B /* Release */ = {
			isa = XCBuildConfiguration;
			buildSettings = {
				ALWAYS_SEARCH_USER_PATHS = NO;
				CLANG_ANALYZER_NONNULL = YES;
				CLANG_CXX_LANGUAGE_STANDARD = "gnu++0x";
				CLANG_CXX_LIBRARY = "libc++";
				CLANG_ENABLE_MODULES = YES;
				CLANG_ENABLE_OBJC_ARC = YES;
				CLANG_WARN_BOOL_CONVERSION = YES;
				CLANG_WARN_CONSTANT_CONVERSION = YES;
				CLANG_WARN_DIRECT_OBJC_ISA_USAGE = YES_ERROR;
				CLANG_WARN_DOCUMENTATION_COMMENTS = YES;
				CLANG_WARN_EMPTY_BODY = YES;
				CLANG_WARN_ENUM_CONVERSION = YES;
				CLANG_WARN_INFINITE_RECURSION = YES;
				CLANG_WARN_INT_CONVERSION = YES;
				CLANG_WARN_OBJC_ROOT_CLASS = YES_ERROR;
				CLANG_WARN_SUSPICIOUS_MOVES = YES;
				CLANG_WARN_UNREACHABLE_CODE = YES;
				CLANG_WARN__DUPLICATE_METHOD_MATCH = YES;
				"CODE_SIGN_IDENTITY[sdk=iphoneos*]" = "iPhone Developer";
				COPY_PHASE_STRIP = NO;
				DEBUG_INFORMATION_FORMAT = "dwarf-with-dsym";
				ENABLE_NS_ASSERTIONS = NO;
				ENABLE_STRICT_OBJC_MSGSEND = YES;
				GCC_C_LANGUAGE_STANDARD = gnu99;
				GCC_NO_COMMON_BLOCKS = YES;
				GCC_WARN_64_TO_32_BIT_CONVERSION = YES;
				GCC_WARN_ABOUT_RETURN_TYPE = YES_ERROR;
				GCC_WARN_UNDECLARED_SELECTOR = YES;
				GCC_WARN_UNINITIALIZED_AUTOS = YES_AGGRESSIVE;
				GCC_WARN_UNUSED_FUNCTION = YES;
				GCC_WARN_UNUSED_VARIABLE = YES;
				IPHONEOS_DEPLOYMENT_TARGET = 10.0;
				MTL_ENABLE_DEBUG_INFO = NO;
				SDKROOT = iphoneos;
				SWIFT_OPTIMIZATION_LEVEL = "-Owholemodule";
				TARGETED_DEVICE_FAMILY = "1,2";
				VALIDATE_PRODUCT = YES;
			};
			name = Release;
		};
		AECFADF61D967D36007ADC7B /* Debug */ = {
			isa = XCBuildConfiguration;
			buildSettings = {
				ASSETCATALOG_COMPILER_APPICON_NAME = AppIcon;
				INFOPLIST_FILE = "Bouncing Ball/Info.plist";
				LD_RUNPATH_SEARCH_PATHS = "$(inherited) @executable_path/Frameworks";
				PRODUCT_BUNDLE_IDENTIFIER = "com.vsu.Bouncing-Ball";
				PRODUCT_NAME = "$(TARGET_NAME)";
				SWIFT_VERSION = 3.0;
			};
			name = Debug;
		};
		AECFADF71D967D36007ADC7B /* Release */ = {
			isa = XCBuildConfiguration;
			buildSettings = {
				ASSETCATALOG_COMPILER_APPICON_NAME = AppIcon;
				INFOPLIST_FILE = "Bouncing Ball/Info.plist";
				LD_RUNPATH_SEARCH_PATHS = "$(inherited) @executable_path/Frameworks";
				PRODUCT_BUNDLE_IDENTIFIER = "com.vsu.Bouncing-Ball";
				PRODUCT_NAME = "$(TARGET_NAME)";
				SWIFT_VERSION = 3.0;
			};
			name = Release;
		};
/* End XCBuildConfiguration section */

/* Begin XCConfigurationList section */
		AECFADD81D967D36007ADC7B /* Build configuration list for PBXProject "Bouncing Ball" */ = {
			isa = XCConfigurationList;
			buildConfigurations = (
				AECFADF31D967D36007ADC7B /* Debug */,
				AECFADF41D967D36007ADC7B /* Release */,
			);
			defaultConfigurationIsVisible = 0;
			defaultConfigurationName = Release;
		};
		AECFADF51D967D36007ADC7B /* Build configuration list for PBXNativeTarget "Bouncing Ball" */ = {
			isa = XCConfigurationList;
			buildConfigurations = (
				AECFADF61D967D36007ADC7B /* Debug */,
				AECFADF71D967D36007ADC7B /* Release */,
			);
			defaultConfigurationIsVisible = 0;
			defaultConfigurationName = Release;
		};
/* End XCConfigurationList section */
	};
	rootObject = AECFADD51D967D36007ADC7B /* Project object */;
}
